
Microsoft Visual Studio Solution File, Format Version 12.00
# Visual Studio Version 17
VisualStudioVersion = 17.10.35004.147
MinimumVisualStudioVersion = 10.0.40219.1
Project("{8BC9CEB8-8B4A-11D0-8D11-00A0C91BC942}") = "BUOI1", "BUOI1\BUOI1.vcxproj", "{AE054F13-19A4-4AEF-86E4-5EA430FC35DD}"
EndProject
Project("{8BC9CEB8-8B4A-11D0-8D11-00A0C91BC942}") = "buoi3", "buoi3\buoi3.vcxproj", "{B2CD470B-DB6E-4450-AD23-DF6B8FBD5CC8}"
EndProject
Project("{8BC9CEB8-8B4A-11D0-8D11-00A0C91BC942}") = "buoi4", "buoi4\buoi4.vcxproj", "{F5C5FBB2-7AB5-45F1-883F-918C30CC66D4}"
EndProject
Project("{8BC9CEB8-8B4A-11D0-8D11-00A0C91BC942}") = "buoi5", "buoi5\buoi5.vcxproj", "{A1A12864-5EA8-4447-9FEE-18E32FB40BE2}"
EndProject
Global
	GlobalSection(SolutionConfigurationPlatforms) = preSolution
		Debug|x64 = Debug|x64
		Debug|x86 = Debug|x86
		Release|x64 = Release|x64
		Release|x86 = Release|x86
	EndGlobalSection
	GlobalSection(ProjectConfigurationPlatforms) = postSolution
		{AE054F13-19A4-4AEF-86E4-5EA430FC35DD}.Debug|x64.ActiveCfg = Debug|x64
		{AE054F13-19A4-4AEF-86E4-5EA430FC35DD}.Debug|x64.Build.0 = Debug|x64
		{AE054F13-19A4-4AEF-86E4-5EA430FC35DD}.Debug|x86.ActiveCfg = Debug|Win32
		{AE054F13-19A4-4AEF-86E4-5EA430FC35DD}.Debug|x86.Build.0 = Debug|Win32
		{AE054F13-19A4-4AEF-86E4-5EA430FC35DD}.Release|x64.ActiveCfg = Release|x64
		{AE054F13-19A4-4AEF-86E4-5EA430FC35DD}.Release|x64.Build.0 = Release|x64
		{AE054F13-19A4-4AEF-86E4-5EA430FC35DD}.Release|x86.ActiveCfg = Release|Win32
		{AE054F13-19A4-4AEF-86E4-5EA430FC35DD}.Release|x86.Build.0 = Release|Win32
		{B2CD470B-DB6E-4450-AD23-DF6B8FBD5CC8}.Debug|x64.ActiveCfg = Debug|x64
		{B2CD470B-DB6E-4450-AD23-DF6B8FBD5CC8}.Debug|x64.Build.0 = Debug|x64
		{B2CD470B-DB6E-4450-AD23-DF6B8FBD5CC8}.Debug|x86.ActiveCfg = Debug|Win32
		{B2CD470B-DB6E-4450-AD23-DF6B8FBD5CC8}.Debug|x86.Build.0 = Debug|Win32
		{B2CD470B-DB6E-4450-AD23-DF6B8FBD5CC8}.Release|x64.ActiveCfg = Release|x64
		{B2CD470B-DB6E-4450-AD23-DF6B8FBD5CC8}.Release|x64.Build.0 = Release|x64
		{B2CD470B-DB6E-4450-AD23-DF6B8FBD5CC8}.Release|x86.ActiveCfg = Release|Win32
		{B2CD470B-DB6E-4450-AD23-DF6B8FBD5CC8}.Release|x86.Build.0 = Release|Win32
		{F5C5FBB2-7AB5-45F1-883F-918C30CC66D4}.Debug|x64.ActiveCfg = Debug|x64
		{F5C5FBB2-7AB5-45F1-883F-918C30CC66D4}.Debug|x64.Build.0 = Debug|x64
		{F5C5FBB2-7AB5-45F1-883F-918C30CC66D4}.Debug|x86.ActiveCfg = Debug|Win32
		{F5C5FBB2-7AB5-45F1-883F-918C30CC66D4}.Debug|x86.Build.0 = Debug|Win32
		{F5C5FBB2-7AB5-45F1-883F-918C30CC66D4}.Release|x64.ActiveCfg = Release|x64
		{F5C5FBB2-7AB5-45F1-883F-918C30CC66D4}.Release|x64.Build.0 = Release|x64
		{F5C5FBB2-7AB5-45F1-883F-918C30CC66D4}.Release|x86.ActiveCfg = Release|Win32
		{F5C5FBB2-7AB5-45F1-883F-918C30CC66D4}.Release|x86.Build.0 = Release|Win32
		{A1A12864-5EA8-4447-9FEE-18E32FB40BE2}.Debug|x64.ActiveCfg = Debug|x64
		{A1A12864-5EA8-4447-9FEE-18E32FB40BE2}.Debug|x64.Build.0 = Debug|x64
		{A1A12864-5EA8-4447-9FEE-18E32FB40BE2}.Debug|x86.ActiveCfg = Debug|Win32
		{A1A12864-5EA8-4447-9FEE-18E32FB40BE2}.Debug|x86.Build.0 = Debug|Win32
		{A1A12864-5EA8-4447-9FEE-18E32FB40BE2}.Release|x64.ActiveCfg = Release|x64
		{A1A12864-5EA8-4447-9FEE-18E32FB40BE2}.Release|x64.Build.0 = Release|x64
		{A1A12864-5EA8-4447-9FEE-18E32FB40BE2}.Release|x86.ActiveCfg = Release|Win32
		{A1A12864-5EA8-4447-9FEE-18E32FB40BE2}.Release|x86.Build.0 = Release|Win32
	EndGlobalSection
	GlobalSection(SolutionProperties) = preSolution
		HideSolutionNode = FALSE
	EndGlobalSection
	GlobalSection(ExtensibilityGlobals) = postSolution
		SolutionGuid = {51A44E89-FCD3-402F-B680-B354F9C97917}
	EndGlobalSection
EndGlobal
